
Microsoft Visual Studio Solution File, Format Version 12.00
# Visual Studio Version 16
VisualStudioVersion = 16.0.32002.261
MinimumVisualStudioVersion = 10.0.40219.1
Project("{FAE04EC0-301F-11D3-BF4B-00C04F79EFBC}") = "CallingMethods", "CallingMethods\CallingMethods.csproj", "{0108031A-A502-415A-8A42-CDDF7A425C32}"
EndProject
Global
	GlobalSection(SolutionConfigurationPlatforms) = preSolution
		Debug|Any CPU = Debug|Any CPU
		Release|Any CPU = Release|Any CPU
	EndGlobalSection
	GlobalSection(ProjectConfigurationPlatforms) = postSolution
		{0108031A-A502-415A-8A42-CDDF7A425C32}.Debug|Any CPU.ActiveCfg = Debug|Any CPU
		{0108031A-A502-415A-8A42-CDDF7A425C32}.Debug|Any CPU.Build.0 = Debug|Any CPU
		{0108031A-A502-415A-8A42-CDDF7A425C32}.Release|Any CPU.ActiveCfg = Debug|Any CPU
		{0108031A-A502-415A-8A42-CDDF7A425C32}.Release|Any CPU.Build.0 = Debug|Any CPU
	EndGlobalSection
	GlobalSection(SolutionProperties) = preSolution
		HideSolutionNode = FALSE
	EndGlobalSection
	GlobalSection(ExtensibilityGlobals) = postSolution
		SolutionGuid = {000505F5-03E0-4829-8DF6-99EC31AB3835}
	EndGlobalSection
EndGlobal
